
Microsoft Visual Studio Solution File, Format Version 12.00
# Visual Studio Version 17
VisualStudioVersion = 17.11.35219.272
MinimumVisualStudioVersion = 10.0.40219.1
Project("{FAE04EC0-301F-11D3-BF4B-00C04F79EFBC}") = "validation practice", "validation practice\validation practice.csproj", "{2C3140E9-F177-4A4D-BF52-93592F560E1F}"
EndProject
Global
	GlobalSection(SolutionConfigurationPlatforms) = preSolution
		Debug|Any CPU = Debug|Any CPU
		Release|Any CPU = Release|Any CPU
	EndGlobalSection
	GlobalSection(ProjectConfigurationPlatforms) = postSolution
		{2C3140E9-F177-4A4D-BF52-93592F560E1F}.Debug|Any CPU.ActiveCfg = Debug|Any CPU
		{2C3140E9-F177-4A4D-BF52-93592F560E1F}.Debug|Any CPU.Build.0 = Debug|Any CPU
		{2C3140E9-F177-4A4D-BF52-93592F560E1F}.Release|Any CPU.ActiveCfg = Release|Any CPU
		{2C3140E9-F177-4A4D-BF52-93592F560E1F}.Release|Any CPU.Build.0 = Release|Any CPU
	EndGlobalSection
	GlobalSection(SolutionProperties) = preSolution
		HideSolutionNode = FALSE
	EndGlobalSection
	GlobalSection(ExtensibilityGlobals) = postSolution
		SolutionGuid = {D98979E2-054D-40FB-80B5-D0D6E4B23167}
	EndGlobalSection
EndGlobal
